%{
  "artificery": {:hex, :artificery, "0.4.2", "3ded6e29e13113af52811c72f414d1e88f711410cac1b619ab3a2666bbd7efd4", [:mix], [], "hexpm"},
  "bamboo": {:hex, :bamboo, "1.4.0", "7b9201c49a843e4802061cf45692405b2c00efcf1cebf8b7b64f015ead072392", [:mix], [{:hackney, ">= 1.13.0", [hex: :hackney, repo: "hexpm", optional: false]}, {:jason, "~> 1.1.0", [hex: :jason, repo: "hexpm", optional: true]}, {:plug, "~> 1.0", [hex: :plug, repo: "hexpm", optional: false]}], "hexpm"},
  "bamboo_smtp": {:hex, :bamboo_smtp, "2.1.0", "4be58f3c51d9f7875dc169ae58a1d2f08e5b718bf3895f70d130548c0598f422", [:mix], [{:bamboo, "~> 1.2", [hex: :bamboo, repo: "hexpm", optional: false]}, {:gen_smtp, "~> 0.15.0", [hex: :gen_smtp, repo: "hexpm", optional: false]}], "hexpm"},
  "base64url": {:hex, :base64url, "0.0.1", "36a90125f5948e3afd7be97662a1504b934dd5dac78451ca6e9abf85a10286be", [:rebar], [], "hexpm"},
  "bcrypt_elixir": {:hex, :bcrypt_elixir, "2.2.0", "3df902b81ce7fa8867a2ae30d20a1da6877a2c056bfb116fd0bc8a5f0190cea4", [:make, :mix], [{:comeonin, "~> 5.3", [hex: :comeonin, repo: "hexpm", optional: false]}, {:elixir_make, "~> 0.6", [hex: :elixir_make, repo: "hexpm", optional: false]}], "hexpm"},
  "certifi": {:hex, :certifi, "2.5.1", "867ce347f7c7d78563450a18a6a28a8090331e77fa02380b4a21962a65d36ee5", [:rebar3], [{:parse_trans, "~>3.3", [hex: :parse_trans, repo: "hexpm", optional: false]}], "hexpm"},
  "coherence": {:git, "git://github.com/smpallen99/coherence.git", "9994ebcb940a08e9d1e34ee92d3dccf267df8f7e", []},
  "combine": {:hex, :combine, "0.10.0", "eff8224eeb56498a2af13011d142c5e7997a80c8f5b97c499f84c841032e429f", [:mix], [], "hexpm"},
  "comeonin": {:hex, :comeonin, "5.3.1", "7fe612b739c78c9c1a75186ef2d322ce4d25032d119823269d0aa1e2f1e20025", [:mix], [], "hexpm"},
  "comeonin_ecto_password": {:hex, :comeonin_ecto_password, "2.1.0", "4f743b0e61cf96403ded084d31abb4af8d4c561a404d8aa8b4ff5d355b263e8d", [:mix], [{:comeonin, "~> 3.0", [hex: :comeonin, repo: "hexpm", optional: false]}, {:ecto, "~> 2.1", [hex: :ecto, repo: "hexpm", optional: false]}], "hexpm"},
  "conform": {:hex, :conform, "2.3.3", "889f8b975ed40b2c40ed0c906bea0cedfc1addac7495e9dbec3886561652dd48", [:mix], [{:neotoma, "~> 1.7.3", [hex: :neotoma, optional: false]}]},
  "connection": {:hex, :connection, "1.0.4", "a1cae72211f0eef17705aaededacac3eb30e6625b04a6117c1b2db6ace7d5976", [:mix], [], "hexpm"},
  "cowboy": {:hex, :cowboy, "2.7.0", "91ed100138a764355f43316b1d23d7ff6bdb0de4ea618cb5d8677c93a7a2f115", [:rebar3], [{:cowlib, "~> 2.8.0", [hex: :cowlib, repo: "hexpm", optional: false]}, {:ranch, "~> 1.7.1", [hex: :ranch, repo: "hexpm", optional: false]}], "hexpm"},
  "cowlib": {:hex, :cowlib, "2.8.0", "fd0ff1787db84ac415b8211573e9a30a3ebe71b5cbff7f720089972b2319c8a4", [:rebar3], [], "hexpm"},
  "db_connection": {:hex, :db_connection, "2.2.2", "3bbca41b199e1598245b716248964926303b5d4609ff065125ce98bcd368939e", [:mix], [{:connection, "~> 1.0.2", [hex: :connection, repo: "hexpm", optional: false]}], "hexpm"},
  "decimal": {:hex, :decimal, "1.8.1", "a4ef3f5f3428bdbc0d35374029ffcf4ede8533536fa79896dd450168d9acdf3c", [:mix], [], "hexpm"},
  "ecto": {:hex, :ecto, "3.4.2", "6890af71025769bd27ef62b1ed1925cfe23f7f0460bcb3041da4b705215ff23e", [:mix], [{:decimal, "~> 1.6 or ~> 2.0", [hex: :decimal, repo: "hexpm", optional: false]}, {:jason, "~> 1.0", [hex: :jason, repo: "hexpm", optional: true]}, {:telemetry, "~> 0.4", [hex: :telemetry, repo: "hexpm", optional: false]}], "hexpm"},
  "ecto_enum": {:hex, :ecto_enum, "1.1.0", "d44fe2ce6e1c0e907e7c3b6456a69e0f1d662348d8b4e2a662ba312223d8ff62", [:mix], [{:ecto, ">= 2.0.0", [hex: :ecto, repo: "hexpm", optional: false]}, {:mariaex, ">= 0.0.0", [hex: :mariaex, repo: "hexpm", optional: true]}, {:postgrex, ">= 0.0.0", [hex: :postgrex, repo: "hexpm", optional: true]}], "hexpm"},
  "ecto_sql": {:hex, :ecto_sql, "3.4.2", "3d842665a81ba2137b62aa70151afe81dae44824cd09b2076a255937ab4e2dc9", [:mix], [{:db_connection, "~> 2.2", [hex: :db_connection, repo: "hexpm", optional: false]}, {:ecto, "~> 3.4.0", [hex: :ecto, repo: "hexpm", optional: false]}, {:myxql, "~> 0.3.0 or ~> 0.4.0", [hex: :myxql, repo: "hexpm", optional: true]}, {:postgrex, "~> 0.15.0", [hex: :postgrex, repo: "hexpm", optional: true]}, {:tds, "~> 2.1.0", [hex: :tds, repo: "hexpm", optional: true]}, {:telemetry, "~> 0.4.0", [hex: :telemetry, repo: "hexpm", optional: false]}], "hexpm"},
  "elixir_make": {:hex, :elixir_make, "0.6.0", "38349f3e29aff4864352084fc736fa7fa0f2995a819a737554f7ebd28b85aaab", [:mix], [], "hexpm"},
  "ex_machina": {:hex, :ex_machina, "2.4.0", "09a34c5d371bfb5f78399029194a8ff67aff340ebe8ba19040181af35315eabb", [:mix], [{:ecto, "~> 2.2 or ~> 3.0", [hex: :ecto, repo: "hexpm", optional: true]}, {:ecto_sql, "~> 3.0", [hex: :ecto_sql, repo: "hexpm", optional: true]}], "hexpm"},
  "file_system": {:hex, :file_system, "0.2.8", "f632bd287927a1eed2b718f22af727c5aeaccc9a98d8c2bd7bff709e851dc986", [:mix], [], "hexpm"},
  "floki": {:hex, :floki, "0.26.0", "4df88977e2e357c6720e1b650f613444bfb48c5acfc6a0c646ab007d08ad13bf", [:mix], [{:html_entities, "~> 0.5.0", [hex: :html_entities, repo: "hexpm", optional: false]}], "hexpm"},
  "fs": {:hex, :fs, "6.1.1", "9d147b944d60cfa48a349f12d06c8ee71128f610c90870bdf9a6773206452ed0", [:rebar3], [], "hexpm"},
  "gen_smtp": {:hex, :gen_smtp, "0.15.0", "9f51960c17769b26833b50df0b96123605a8024738b62db747fece14eb2fbfcc", [:rebar3], [], "hexpm"},
  "gettext": {:hex, :gettext, "0.17.4", "f13088e1ec10ce01665cf25f5ff779e7df3f2dc71b37084976cf89d1aa124d5c", [:mix], [], "hexpm"},
  "guardian": {:hex, :guardian, "2.1.1", "1f02b349f6ba765647cc834036a8d76fa4bd65605342fe3a031df3c99d0d411a", [:mix], [{:jose, "~> 1.8", [hex: :jose, repo: "hexpm", optional: false]}, {:plug, "~> 1.3.3 or ~> 1.4", [hex: :plug, repo: "hexpm", optional: true]}], "hexpm"},
  "hackney": {:hex, :hackney, "1.15.2", "07e33c794f8f8964ee86cebec1a8ed88db5070e52e904b8f12209773c1036085", [:rebar3], [{:certifi, "2.5.1", [hex: :certifi, repo: "hexpm", optional: false]}, {:idna, "6.0.0", [hex: :idna, repo: "hexpm", optional: false]}, {:metrics, "1.0.1", [hex: :metrics, repo: "hexpm", optional: false]}, {:mimerl, "~>1.1", [hex: :mimerl, repo: "hexpm", optional: false]}, {:ssl_verify_fun, "1.1.5", [hex: :ssl_verify_fun, repo: "hexpm", optional: false]}], "hexpm"},
  "html_entities": {:hex, :html_entities, "0.5.1", "1c9715058b42c35a2ab65edc5b36d0ea66dd083767bef6e3edb57870ef556549", [:mix], [], "hexpm"},
  "idna": {:hex, :idna, "6.0.0", "689c46cbcdf3524c44d5f3dde8001f364cd7608a99556d8fbd8239a5798d4c10", [:rebar3], [{:unicode_util_compat, "0.4.1", [hex: :unicode_util_compat, repo: "hexpm", optional: false]}], "hexpm"},
  "inflex": {:hex, :inflex, "1.10.0", "8366a7696e70e1813aca102e61274addf85d99f4a072b2f9c7984054ea1b9d29", [:mix], [], "hexpm"},
  "ja_serializer": {:hex, :ja_serializer, "0.15.0", "2d69d0aa68c6815d0978cac7d0939b02ffa05e4a13eb7a5b36a8d61a646d7c32", [:mix], [{:inflex, "~> 1.10", [hex: :inflex, repo: "hexpm", optional: false]}, {:plug, "> 1.0.0", [hex: :plug, repo: "hexpm", optional: false]}, {:scrivener, "~> 1.2 or ~> 2.0", [hex: :scrivener, repo: "hexpm", optional: true]}], "hexpm"},
  "jason": {:hex, :jason, "1.1.2", "b03dedea67a99223a2eaf9f1264ce37154564de899fd3d8b9a21b1a6fd64afe7", [:mix], [{:decimal, "~> 1.0", [hex: :decimal, repo: "hexpm", optional: true]}], "hexpm"},
  "jose": {:hex, :jose, "1.10.1", "16d8e460dae7203c6d1efa3f277e25b5af8b659febfc2f2eb4bacf87f128b80a", [:mix, :rebar3], [], "hexpm"},
  "jsonapi": {:git, "https://github.com/jeregrine/jsonapi", "eda4774c99689afadf5a6e8228b88bdb3a98dd86", []},
  "libcluster": {:hex, :libcluster, "3.2.1", "b2cd5b447cde25d5897749bee6f7aaeb6c96ac379481024e9b6ba495dabeb97d", [:mix], [{:jason, "~> 1.1", [hex: :jason, repo: "hexpm", optional: false]}], "hexpm"},
  "metrics": {:hex, :metrics, "1.0.1", "25f094dea2cda98213cecc3aeff09e940299d950904393b2a29d191c346a8486", [:rebar3], [], "hexpm"},
  "mime": {:hex, :mime, "1.3.1", "30ce04ab3175b6ad0bdce0035cba77bba68b813d523d1aac73d9781b4d193cf8", [:mix], [], "hexpm"},
  "mimerl": {:hex, :mimerl, "1.2.0", "67e2d3f571088d5cfd3e550c383094b47159f3eee8ffa08e64106cdf5e981be3", [:rebar3], [], "hexpm"},
  "mix_test_watch": {:hex, :mix_test_watch, "1.0.2", "34900184cbbbc6b6ed616ed3a8ea9b791f9fd2088419352a6d3200525637f785", [:mix], [{:file_system, "~> 0.2.1 or ~> 0.3", [hex: :file_system, repo: "hexpm", optional: false]}], "hexpm"},
  "neotoma": {:hex, :neotoma, "1.7.3", "d8bd5404b73273989946e4f4f6d529e5c2088f5fa1ca790b4dbe81f4be408e61", [:rebar], []},
  "number": {:hex, :number, "1.0.1", "a1017dc867a9860b0c261bf9f3ac4990f64589dbbe50260724190c78a0b92104", [:mix], [{:decimal, "~> 1.5", [hex: :decimal, repo: "hexpm", optional: false]}], "hexpm"},
  "parse_trans": {:hex, :parse_trans, "3.3.0", "09765507a3c7590a784615cfd421d101aec25098d50b89d7aa1d66646bc571c1", [:rebar3], [], "hexpm"},
  "phoenix": {:hex, :phoenix, "1.5.1", "95156589879dc69201d5fc0ebdbfdfc7901a09a3616ea611ec297f81340275a2", [:mix], [{:jason, "~> 1.0", [hex: :jason, repo: "hexpm", optional: true]}, {:phoenix_html, "~> 2.13", [hex: :phoenix_html, repo: "hexpm", optional: true]}, {:phoenix_pubsub, "~> 2.0", [hex: :phoenix_pubsub, repo: "hexpm", optional: false]}, {:plug, "~> 1.10", [hex: :plug, repo: "hexpm", optional: false]}, {:plug_cowboy, "~> 1.0 or ~> 2.2", [hex: :plug_cowboy, repo: "hexpm", optional: true]}, {:plug_crypto, "~> 1.1.2 or ~> 1.2", [hex: :plug_crypto, repo: "hexpm", optional: false]}, {:telemetry, "~> 0.4", [hex: :telemetry, repo: "hexpm", optional: false]}], "hexpm"},
  "phoenix_ecto": {:hex, :phoenix_ecto, "4.1.0", "a044d0756d0464c5a541b4a0bf4bcaf89bffcaf92468862408290682c73ae50d", [:mix], [{:ecto, "~> 3.0", [hex: :ecto, repo: "hexpm", optional: false]}, {:phoenix_html, "~> 2.9", [hex: :phoenix_html, repo: "hexpm", optional: true]}, {:plug, "~> 1.0", [hex: :plug, repo: "hexpm", optional: false]}], "hexpm"},
  "phoenix_html": {:hex, :phoenix_html, "2.14.1", "7dabafadedb552db142aacbd1f11de1c0bbaa247f90c449ca549d5e30bbc66b4", [:mix], [{:plug, "~> 1.5", [hex: :plug, repo: "hexpm", optional: false]}], "hexpm"},
  "phoenix_live_reload": {:hex, :phoenix_live_reload, "1.2.1", "274a4b07c4adbdd7785d45a8b0bb57634d0b4f45b18d2c508b26c0344bd59b8f", [:mix], [{:file_system, "~> 0.2.1 or ~> 0.3", [hex: :file_system, repo: "hexpm", optional: false]}, {:phoenix, "~> 1.4", [hex: :phoenix, repo: "hexpm", optional: false]}], "hexpm"},
  "phoenix_live_view": {:hex, :phoenix_live_view, "0.12.1", "42f591c781edbf9fab921319076b7ac635d43aa23e6748d2644563326236d7e4", [:mix], [{:jason, "~> 1.0", [hex: :jason, repo: "hexpm", optional: true]}, {:phoenix, "~> 1.4.16 or ~> 1.5.0", [hex: :phoenix, repo: "hexpm", optional: false]}, {:phoenix_html, "~> 2.14", [hex: :phoenix_html, repo: "hexpm", optional: false]}], "hexpm"},
  "phoenix_pubsub": {:hex, :phoenix_pubsub, "2.0.0", "a1ae76717bb168cdeb10ec9d92d1480fec99e3080f011402c0a2d68d47395ffb", [:mix], [], "hexpm"},
  "phoenix_swoosh": {:hex, :phoenix_swoosh, "0.1.3", "f1ad7e7167355bd287d1490858bc73b66ed5961777cd112943f0b2ffacae4a23", [:mix], [{:phoenix, "~> 1.0", [hex: :phoenix, optional: false]}, {:phoenix_html, "~> 2.2", [hex: :phoenix_html, optional: false]}, {:swoosh, "~> 0.1", [hex: :swoosh, optional: false]}]},
  "phoenix_timex": {:hex, :phoenix_timex, "1.0.1", "879617f2acd3876c5c43599fcd9a57821f42b30b88e34089f38ac5d7cb02841e", [:mix], [{:phoenix_html, "~> 2.5", [hex: :phoenix_html, optional: false]}, {:timex, "~> 2.1", [hex: :timex, optional: false]}]},
  "plug": {:hex, :plug, "1.10.0", "6508295cbeb4c654860845fb95260737e4a8838d34d115ad76cd487584e2fc4d", [:mix], [{:mime, "~> 1.0", [hex: :mime, repo: "hexpm", optional: false]}, {:plug_crypto, "~> 1.1.1 or ~> 1.2", [hex: :plug_crypto, repo: "hexpm", optional: false]}, {:telemetry, "~> 0.4", [hex: :telemetry, repo: "hexpm", optional: true]}], "hexpm"},
  "plug_cowboy": {:hex, :plug_cowboy, "2.2.1", "fcf58aa33227a4322a050e4783ee99c63c031a2e7f9a2eb7340d55505e17f30f", [:mix], [{:cowboy, "~> 2.7", [hex: :cowboy, repo: "hexpm", optional: false]}, {:plug, "~> 1.7", [hex: :plug, repo: "hexpm", optional: false]}, {:telemetry, "~> 0.4", [hex: :telemetry, repo: "hexpm", optional: false]}], "hexpm"},
  "plug_crypto": {:hex, :plug_crypto, "1.1.2", "bdd187572cc26dbd95b87136290425f2b580a116d3fb1f564216918c9730d227", [:mix], [], "hexpm"},
  "poison": {:hex, :poison, "4.0.1", "bcb755a16fac91cad79bfe9fc3585bb07b9331e50cfe3420a24bcc2d735709ae", [:mix], [], "hexpm"},
  "poolboy": {:hex, :poolboy, "1.5.1", "6b46163901cfd0a1b43d692657ed9d7e599853b3b21b95ae5ae0a777cf9b6ca8", [:rebar], [], "hexpm"},
  "porcelain": {:hex, :porcelain, "2.0.3", "2d77b17d1f21fed875b8c5ecba72a01533db2013bd2e5e62c6d286c029150fdc", [:mix], [], "hexpm"},
  "postgrex": {:hex, :postgrex, "0.15.3", "5806baa8a19a68c4d07c7a624ccdb9b57e89cbc573f1b98099e3741214746ae4", [:mix], [{:connection, "~> 1.0", [hex: :connection, repo: "hexpm", optional: false]}, {:db_connection, "~> 2.1", [hex: :db_connection, repo: "hexpm", optional: false]}, {:decimal, "~> 1.5", [hex: :decimal, repo: "hexpm", optional: false]}, {:jason, "~> 1.0", [hex: :jason, repo: "hexpm", optional: true]}], "hexpm"},
  "proper_case": {:hex, :proper_case, "1.3.0", "aea76589db691f4f9dd69b13ab951f268ba5dc9b4ffe7c8aff0dcce04d3be55c", [:mix], [], "hexpm"},
  "ranch": {:hex, :ranch, "1.7.1", "6b1fab51b49196860b733a49c07604465a47bdb78aa10c1c16a3d199f7f8c881", [:rebar3], [], "hexpm"},
  "ssl_verify_fun": {:hex, :ssl_verify_fun, "1.1.5", "6eaf7ad16cb568bb01753dbbd7a95ff8b91c7979482b95f38443fe2c8852a79b", [:make, :mix, :rebar3], [], "hexpm"},
  "swoosh": {:hex, :swoosh, "0.8.0", "de7ef3230f3968547eaa002adeeae5508e4370a660eac2985cb3bae92f69c598", [:mix], [{:cowboy, "~> 1.0", [hex: :cowboy, optional: true]}, {:gen_smtp, "~> 0.11", [hex: :gen_smtp, optional: true]}, {:hackney, "~> 1.6", [hex: :hackney, optional: false]}, {:mime, "~> 1.1", [hex: :mime, optional: false]}, {:plug, "~> 1.1", [hex: :plug, optional: true]}, {:poison, "~> 1.5 or ~> 2.0 or ~> 3.0", [hex: :poison, optional: false]}]},
  "telemetry": {:hex, :telemetry, "0.4.1", "ae2718484892448a24470e6aa341bc847c3277bfb8d4e9289f7474d752c09c7f", [:rebar3], [], "hexpm"},
  "temp": {:hex, :temp, "0.4.7", "2c78482cc2294020a4bc0c95950b907ff386523367d4e63308a252feffbea9f2", [:mix], [], "hexpm"},
  "timex": {:hex, :timex, "3.6.1", "efdf56d0e67a6b956cc57774353b0329c8ab7726766a11547e529357ffdc1d56", [:mix], [{:combine, "~> 0.10", [hex: :combine, repo: "hexpm", optional: false]}, {:gettext, "~> 0.10", [hex: :gettext, repo: "hexpm", optional: false]}, {:tzdata, "~> 0.1.8 or ~> 0.5 or ~> 1.0.0", [hex: :tzdata, repo: "hexpm", optional: false]}], "hexpm"},
  "timex_ecto": {:hex, :timex_ecto, "3.3.0", "d5bdef09928e7a60f10a0baa47ce653f29b43d6fee87b30b236b216d0e36b98d", [:mix], [{:ecto, "~> 2.2", [hex: :ecto, repo: "hexpm", optional: false]}, {:timex, "~> 3.1", [hex: :timex, repo: "hexpm", optional: false]}], "hexpm"},
  "tzdata": {:hex, :tzdata, "1.0.3", "73470ad29dde46e350c60a66e6b360d3b99d2d18b74c4c349dbebbc27a09a3eb", [:mix], [{:hackney, "~> 1.0", [hex: :hackney, repo: "hexpm", optional: false]}], "hexpm"},
  "unicode_util_compat": {:hex, :unicode_util_compat, "0.4.1", "d869e4c68901dd9531385bb0c8c40444ebf624e60b6962d95952775cac5e90cd", [:rebar3], [], "hexpm"},
  "uuid": {:hex, :uuid, "1.1.8", "e22fc04499de0de3ed1116b770c7737779f226ceefa0badb3592e64d5cfb4eb9", [:mix], [], "hexpm"},
  "wormhole": {:git, "https://github.com/renderedtext/wormhole", "a39619f9e1e0401359cbc51180dfebf51da2aa99", []},
}
